{
  "version": "3",
  "redirects": {
    "https://deno.land/x/hono/middleware.ts": "https://deno.land/x/hono@v3.11.12/middleware.ts",
    "https://deno.land/x/hono/mod.ts": "https://deno.land/x/hono@v3.11.12/mod.ts",
    "https://deno.land/x/std/fs/mod.ts": "https://deno.land/std@0.208.0/fs/mod.ts",
    "https://deno.land/x/std@0.208.0/fs/mod.ts": "https://deno.land/std@0.208.0/fs/mod.ts",
    "https://deno.land/x/std@0.210.0/fs/mod.ts": "https://deno.land/std@0.210.0/fs/mod.ts",
    "https://esm.sh/hono": "https://esm.sh/hono@3.11.12"
  },
  "remote": {
    "https://deno.land/std@0.208.0/assert/assert.ts": "9a97dad6d98c238938e7540736b826440ad8c1c1e54430ca4c4e623e585607ee",
    "https://deno.land/std@0.208.0/assert/assertion_error.ts": "4d0bde9b374dfbcbe8ac23f54f567b77024fb67dbb1906a852d67fe050d42f56",
    "https://deno.land/std@0.208.0/fs/_util.ts": "fbf57dcdc9f7bc8128d60301eece608246971a7836a3bb1e78da75314f08b978",
    "https://deno.land/std@0.208.0/fs/copy.ts": "ca19e4837965914471df38fbd61e16f9e8adfe89f9cffb0c83615c83ea3fc2bf",
    "https://deno.land/std@0.208.0/fs/empty_dir.ts": "7fba29ef2d03f3503cd512616efc0535984cf1bbe7ca9d098e8b4d0d88910120",
    "https://deno.land/std@0.208.0/fs/ensure_dir.ts": "dc64c4c75c64721d4e3fb681f1382f803ff3d2868f08563ff923fdd20d071c40",
    "https://deno.land/std@0.208.0/fs/ensure_file.ts": "39ac83cc283a20ec2735e956adf5de3e8a3334e0b6820547b5772f71c49ae083",
    "https://deno.land/std@0.208.0/fs/ensure_link.ts": "c15e69c48556d78aae31b83e0c0ece04b7b8bc0951412f5b759aceb6fde7f0ac",
    "https://deno.land/std@0.208.0/fs/ensure_symlink.ts": "b389c8568f0656d145ac7ece472afe710815cccbb2ebfd19da7978379ae143fe",
    "https://deno.land/std@0.208.0/fs/eol.ts": "8565e1e076c5baced170236617150a7833668658e000205d896fc54084309ce1",
    "https://deno.land/std@0.208.0/fs/exists.ts": "cb59a853d84871d87acab0e7936a4dac11282957f8e195102c5a7acb42546bb8",
    "https://deno.land/std@0.208.0/fs/expand_glob.ts": "4f98c508fc9e40d6311d2f7fd88aaad05235cc506388c22dda315e095305811d",
    "https://deno.land/std@0.208.0/fs/mod.ts": "bc3d0acd488cc7b42627044caf47d72019846d459279544e1934418955ba4898",
    "https://deno.land/std@0.208.0/fs/move.ts": "b4f8f46730b40c32ea3c0bc8eb0fd0e8139249a698883c7b3756424cf19785c9",
    "https://deno.land/std@0.208.0/fs/walk.ts": "c1e6b43f72a46e89b630140308bd51a4795d416a416b4cfb7cd4bd1e25946723",
    "https://deno.land/std@0.208.0/path/_common/assert_path.ts": "061e4d093d4ba5aebceb2c4da3318bfe3289e868570e9d3a8e327d91c2958946",
    "https://deno.land/std@0.208.0/path/_common/basename.ts": "0d978ff818f339cd3b1d09dc914881f4d15617432ae519c1b8fdc09ff8d3789a",
    "https://deno.land/std@0.208.0/path/_common/common.ts": "9e4233b2eeb50f8b2ae10ecc2108f58583aea6fd3e8907827020282dc2b76143",
    "https://deno.land/std@0.208.0/path/_common/constants.ts": "e49961f6f4f48039c0dfed3c3f93e963ca3d92791c9d478ac5b43183413136e0",
    "https://deno.land/std@0.208.0/path/_common/dirname.ts": "2ba7fb4cc9fafb0f38028f434179579ce61d4d9e51296fad22b701c3d3cd7397",
    "https://deno.land/std@0.208.0/path/_common/format.ts": "11aa62e316dfbf22c126917f5e03ea5fe2ee707386555a8f513d27ad5756cf96",
    "https://deno.land/std@0.208.0/path/_common/from_file_url.ts": "ef1bf3197d2efbf0297a2bdbf3a61d804b18f2bcce45548ae112313ec5be3c22",
    "https://deno.land/std@0.208.0/path/_common/glob_to_reg_exp.ts": "5c3c2b79fc2294ec803d102bd9855c451c150021f452046312819fbb6d4dc156",
    "https://deno.land/std@0.208.0/path/_common/normalize.ts": "2ba7fb4cc9fafb0f38028f434179579ce61d4d9e51296fad22b701c3d3cd7397",
    "https://deno.land/std@0.208.0/path/_common/normalize_string.ts": "88c472f28ae49525f9fe82de8c8816d93442d46a30d6bb5063b07ff8a89ff589",
    "https://deno.land/std@0.208.0/path/_common/relative.ts": "1af19d787a2a84b8c534cc487424fe101f614982ae4851382c978ab2216186b4",
    "https://deno.land/std@0.208.0/path/_common/strip_trailing_separators.ts": "7ffc7c287e97bdeeee31b155828686967f222cd73f9e5780bfe7dfb1b58c6c65",
    "https://deno.land/std@0.208.0/path/_common/to_file_url.ts": "a8cdd1633bc9175b7eebd3613266d7c0b6ae0fb0cff24120b6092ac31662f9ae",
    "https://deno.land/std@0.208.0/path/_interface.ts": "6471159dfbbc357e03882c2266d21ef9afdb1e4aa771b0545e90db58a0ba314b",
    "https://deno.land/std@0.208.0/path/_os.ts": "30b0c2875f360c9296dbe6b7f2d528f0f9c741cecad2e97f803f5219e91b40a2",
    "https://deno.land/std@0.208.0/path/basename.ts": "04bb5ef3e86bba8a35603b8f3b69537112cdd19ce64b77f2522006da2977a5f3",
    "https://deno.land/std@0.208.0/path/common.ts": "f4d061c7d0b95a65c2a1a52439edec393e906b40f1caf4604c389fae7caa80f5",
    "https://deno.land/std@0.208.0/path/dirname.ts": "88a0a71c21debafc4da7a4cd44fd32e899462df458fbca152390887d41c40361",
    "https://deno.land/std@0.208.0/path/extname.ts": "2da4e2490f3b48b7121d19fb4c91681a5e11bd6bd99df4f6f47d7a71bb6ecdf2",
    "https://deno.land/std@0.208.0/path/format.ts": "3457530cc85d1b4bab175f9ae73998b34fd456c830d01883169af0681b8894fb",
    "https://deno.land/std@0.208.0/path/from_file_url.ts": "e7fa233ea1dff9641e8d566153a24d95010110185a6f418dd2e32320926043f8",
    "https://deno.land/std@0.208.0/path/glob.ts": "a00a81a55c02bbe074ab21a50b6495c6f7795f54cd718c824adaa92c6c9b7419",
    "https://deno.land/std@0.208.0/path/glob_to_regexp.ts": "74d7448c471e293d03f05ccb968df4365fed6aaa508506b6325a8efdc01d8271",
    "https://deno.land/std@0.208.0/path/is_absolute.ts": "67232b41b860571c5b7537f4954c88d86ae2ba45e883ee37d3dec27b74909d13",
    "https://deno.land/std@0.208.0/path/is_glob.ts": "567dce5c6656bdedfc6b3ee6c0833e1e4db2b8dff6e62148e94a917f289c06ad",
    "https://deno.land/std@0.208.0/path/join.ts": "98d3d76c819af4a11a81d5ba2dbb319f1ce9d63fc2b615597d4bcfddd4a89a09",
    "https://deno.land/std@0.208.0/path/join_globs.ts": "9b84d5103b63d3dbed4b2cf8b12477b2ad415c7d343f1488505162dc0e5f4db8",
    "https://deno.land/std@0.208.0/path/mod.ts": "3defabebc98279e62b392fee7a6937adc932a8f4dcd2471441e36c15b97b00e0",
    "https://deno.land/std@0.208.0/path/normalize.ts": "aa95be9a92c7bd4f9dc0ba51e942a1973e2b93d266cd74f5ca751c136d520b66",
    "https://deno.land/std@0.208.0/path/normalize_glob.ts": "674baa82e1c00b6cb153bbca36e06f8e0337cb8062db6d905ab5de16076ca46b",
    "https://deno.land/std@0.208.0/path/parse.ts": "d87ff0deef3fb495bc0d862278ff96da5a06acf0625ca27769fc52ac0d3d6ece",
    "https://deno.land/std@0.208.0/path/posix/_util.ts": "ecf49560fedd7dd376c6156cc5565cad97c1abe9824f4417adebc7acc36c93e5",
    "https://deno.land/std@0.208.0/path/posix/basename.ts": "a630aeb8fd8e27356b1823b9dedd505e30085015407caa3396332752f6b8406a",
    "https://deno.land/std@0.208.0/path/posix/common.ts": "e781d395dc76f6282e3f7dd8de13194abb8b04a82d109593141abc6e95755c8b",
    "https://deno.land/std@0.208.0/path/posix/dirname.ts": "f48c9c42cc670803b505478b7ef162c7cfa9d8e751b59d278b2ec59470531472",
    "https://deno.land/std@0.208.0/path/posix/extname.ts": "ee7f6571a9c0a37f9218fbf510c440d1685a7c13082c348d701396cc795e0be0",
    "https://deno.land/std@0.208.0/path/posix/format.ts": "b94876f77e61bfe1f147d5ccb46a920636cd3cef8be43df330f0052b03875968",
    "https://deno.land/std@0.208.0/path/posix/from_file_url.ts": "b97287a83e6407ac27bdf3ab621db3fccbf1c27df0a1b1f20e1e1b5acf38a379",
    "https://deno.land/std@0.208.0/path/posix/glob_to_regexp.ts": "6ed00c71fbfe0ccc35977c35444f94e82200b721905a60bd1278b1b768d68b1a",
    "https://deno.land/std@0.208.0/path/posix/is_absolute.ts": "159900a3422d11069d48395568217eb7fc105ceda2683d03d9b7c0f0769e01b8",
    "https://deno.land/std@0.208.0/path/posix/is_glob.ts": "ec4fbc604b9db8487f7b56ab0e759b24a971ab6a45f7b0b698bc39b8b9f9680f",
    "https://deno.land/std@0.208.0/path/posix/join.ts": "0c0d84bdc344876930126640011ec1b888e6facf74153ffad9ef26813aa2a076",
    "https://deno.land/std@0.208.0/path/posix/join_globs.ts": "f4838d54b1f60a34a40625a3293f6e583135348be1b2974341ac04743cb26121",
    "https://deno.land/std@0.208.0/path/posix/mod.ts": "f1b08a7f64294b7de87fc37190d63b6ce5b02889af9290c9703afe01951360ae",
    "https://deno.land/std@0.208.0/path/posix/normalize.ts": "11de90a94ab7148cc46e5a288f7d732aade1d616bc8c862f5560fa18ff987b4b",
    "https://deno.land/std@0.208.0/path/posix/normalize_glob.ts": "10a1840c628ebbab679254d5fa1c20e59106102354fb648a1765aed72eb9f3f9",
    "https://deno.land/std@0.208.0/path/posix/parse.ts": "199208f373dd93a792e9c585352bfc73a6293411bed6da6d3bc4f4ef90b04c8e",
    "https://deno.land/std@0.208.0/path/posix/relative.ts": "e2f230608b0f083e6deaa06e063943e5accb3320c28aef8d87528fbb7fe6504c",
    "https://deno.land/std@0.208.0/path/posix/resolve.ts": "51579d83159d5c719518c9ae50812a63959bbcb7561d79acbdb2c3682236e285",
    "https://deno.land/std@0.208.0/path/posix/separator.ts": "0b6573b5f3269a3164d8edc9cefc33a02dd51003731c561008c8bb60220ebac1",
    "https://deno.land/std@0.208.0/path/posix/to_file_url.ts": "08d43ea839ee75e9b8b1538376cfe95911070a655cd312bc9a00f88ef14967b6",
    "https://deno.land/std@0.208.0/path/posix/to_namespaced_path.ts": "c9228a0e74fd37e76622cd7b142b8416663a9b87db643302fa0926b5a5c83bdc",
    "https://deno.land/std@0.208.0/path/relative.ts": "23d45ede8b7ac464a8299663a43488aad6b561414e7cbbe4790775590db6349c",
    "https://deno.land/std@0.208.0/path/resolve.ts": "5b184efc87155a0af9fa305ff68a109e28de9aee81fc3e77cd01380f19daf867",
    "https://deno.land/std@0.208.0/path/separator.ts": "40a3e9a4ad10bef23bc2cd6c610291b6c502a06237c2c4cd034a15ca78dedc1f",
    "https://deno.land/std@0.208.0/path/to_file_url.ts": "edaafa089e0bce386e1b2d47afe7c72e379ff93b28a5829a5885e4b6c626d864",
    "https://deno.land/std@0.208.0/path/to_namespaced_path.ts": "cf8734848aac3c7527d1689d2adf82132b1618eff3cc523a775068847416b22a",
    "https://deno.land/std@0.208.0/path/windows/_util.ts": "f32b9444554c8863b9b4814025c700492a2b57ff2369d015360970a1b1099d54",
    "https://deno.land/std@0.208.0/path/windows/basename.ts": "8a9dbf7353d50afbc5b221af36c02a72c2d1b2b5b9f7c65bf6a5a2a0baf88ad3",
    "https://deno.land/std@0.208.0/path/windows/common.ts": "e781d395dc76f6282e3f7dd8de13194abb8b04a82d109593141abc6e95755c8b",
    "https://deno.land/std@0.208.0/path/windows/dirname.ts": "5c2aa541384bf0bd9aca821275d2a8690e8238fa846198ef5c7515ce31a01a94",
    "https://deno.land/std@0.208.0/path/windows/extname.ts": "07f4fa1b40d06a827446b3e3bcc8d619c5546b079b8ed0c77040bbef716c7614",
    "https://deno.land/std@0.208.0/path/windows/format.ts": "343019130d78f172a5c49fdc7e64686a7faf41553268961e7b6c92a6d6548edf",
    "https://deno.land/std@0.208.0/path/windows/from_file_url.ts": "d53335c12b0725893d768be3ac6bf0112cc5b639d2deb0171b35988493b46199",
    "https://deno.land/std@0.208.0/path/windows/glob_to_regexp.ts": "290755e18ec6c1a4f4d711c3390537358e8e3179581e66261a0cf348b1a13395",
    "https://deno.land/std@0.208.0/path/windows/is_absolute.ts": "245b56b5f355ede8664bd7f080c910a97e2169972d23075554ae14d73722c53c",
    "https://deno.land/std@0.208.0/path/windows/is_glob.ts": "ec4fbc604b9db8487f7b56ab0e759b24a971ab6a45f7b0b698bc39b8b9f9680f",
    "https://deno.land/std@0.208.0/path/windows/join.ts": "e6600bf88edeeef4e2276e155b8de1d5dec0435fd526ba2dc4d37986b2882f16",
    "https://deno.land/std@0.208.0/path/windows/join_globs.ts": "f4838d54b1f60a34a40625a3293f6e583135348be1b2974341ac04743cb26121",
    "https://deno.land/std@0.208.0/path/windows/mod.ts": "d7040f461465c2c21c1c68fc988ef0bdddd499912138cde3abf6ad60c7fb3814",
    "https://deno.land/std@0.208.0/path/windows/normalize.ts": "9deebbf40c81ef540b7b945d4ccd7a6a2c5a5992f791e6d3377043031e164e69",
    "https://deno.land/std@0.208.0/path/windows/normalize_glob.ts": "344ff5ed45430495b9a3d695567291e50e00b1b3b04ea56712a2acf07ab5c128",
    "https://deno.land/std@0.208.0/path/windows/parse.ts": "120faf778fe1f22056f33ded069b68e12447668fcfa19540c0129561428d3ae5",
    "https://deno.land/std@0.208.0/path/windows/relative.ts": "026855cd2c36c8f28f1df3c6fbd8f2449a2aa21f48797a74700c5d872b86d649",
    "https://deno.land/std@0.208.0/path/windows/resolve.ts": "5ff441ab18a2346abadf778121128ee71bda4d0898513d4639a6ca04edca366b",
    "https://deno.land/std@0.208.0/path/windows/separator.ts": "ae21f27015f10510ed1ac4a0ba9c4c9c967cbdd9d9e776a3e4967553c397bd5d",
    "https://deno.land/std@0.208.0/path/windows/to_file_url.ts": "8e9ea9e1ff364aa06fa72999204229952d0a279dbb876b7b838b2b2fea55cce3",
    "https://deno.land/std@0.208.0/path/windows/to_namespaced_path.ts": "e0f4d4a5e77f28a5708c1a33ff24360f35637ba6d8f103d19661255ef7bfd50d",
    "https://deno.land/std@0.210.0/assert/assert.ts": "e265ad50a9341f3b40e51dd4cb41ab253d976943ba78a977106950e52e0302ab",
    "https://deno.land/std@0.210.0/assert/assertion_error.ts": "26ed1863d905005f00785c89750c001c3522c5417e4f58f95044b8143cfc1593",
    "https://deno.land/std@0.210.0/fs/_create_walk_entry.ts": "7462542d30c53e925b07c4243929434e78a190d31987a3388c8e0bd52ef8e440",
    "https://deno.land/std@0.210.0/fs/_get_file_info_type.ts": "9c92ff74f39bfba66b09faf9901af6a944cc71f014d9649e7d3e32eac4aeddfc",
    "https://deno.land/std@0.210.0/fs/_is_same_path.ts": "9ba34405c53da1e1bd9635785da85b21e9593698369dbb675dfac33c30f183f4",
    "https://deno.land/std@0.210.0/fs/_is_subdir.ts": "65525686538138cdfc7e9bc24d9c8397cd28342f8395f0c472989c6787ff6749",
    "https://deno.land/std@0.210.0/fs/_to_path_string.ts": "d963898a0d277b155eefb5c64202de71ca2f5e1348897a2f56d3bce6347fc3cc",
    "https://deno.land/std@0.210.0/fs/copy.ts": "2a7ccfd78976fb624699bd8dec214bc492804b29414c80e7c29955526598b57b",
    "https://deno.land/std@0.210.0/fs/empty_dir.ts": "a0d35035b604fbbdedee9a8fe28b7436ae0f32a111e9e88fe0469b93b8548940",
    "https://deno.land/std@0.210.0/fs/ensure_dir.ts": "f797d9bf39aa2a796923a62b0e10d864998cec396f4712f5c869f3d0d8a6bfd3",
    "https://deno.land/std@0.210.0/fs/ensure_file.ts": "2498a930983c33a51152d4a6a47b161711ba3f2290879cd1f89a9a8e23f2fbc1",
    "https://deno.land/std@0.210.0/fs/ensure_link.ts": "1121ac4cfd24e6d20206c7d4dbdc6b02ed9b9f6550447b590a077c941e3c456d",
    "https://deno.land/std@0.210.0/fs/ensure_symlink.ts": "d01debcdf62a5fdb0b5d70a516713cec3628a8ae5eddd99cb278305a4fd98091",
    "https://deno.land/std@0.210.0/fs/eol.ts": "27516caa5b0f703bc67817493d07b9eb861b1a8bb8dfe52f73a011ae6e58e7d5",
    "https://deno.land/std@0.210.0/fs/exists.ts": "da38bab3cd416131a2075c1a532c69b0b634c2ce8d75222355aa6d3d15995199",
    "https://deno.land/std@0.210.0/fs/expand_glob.ts": "9b68f6146a106c8c2ce8f8794ce07678fcb232536222929dded8acecab6f8782",
    "https://deno.land/std@0.210.0/fs/mod.ts": "bc3d0acd488cc7b42627044caf47d72019846d459279544e1934418955ba4898",
    "https://deno.land/std@0.210.0/fs/move.ts": "ec2c5ae4a5cbef32c95af7171b4296d4c1ef414fbcebf473f00d1682c6f6c708",
    "https://deno.land/std@0.210.0/fs/walk.ts": "78131d81952231f173e01aa1c1d69485e627bf4bb3af020a1c1b2ad490892c12",
    "https://deno.land/std@0.210.0/path/_common/assert_path.ts": "061e4d093d4ba5aebceb2c4da3318bfe3289e868570e9d3a8e327d91c2958946",
    "https://deno.land/std@0.210.0/path/_common/basename.ts": "0d978ff818f339cd3b1d09dc914881f4d15617432ae519c1b8fdc09ff8d3789a",
    "https://deno.land/std@0.210.0/path/_common/common.ts": "9e4233b2eeb50f8b2ae10ecc2108f58583aea6fd3e8907827020282dc2b76143",
    "https://deno.land/std@0.210.0/path/_common/constants.ts": "e49961f6f4f48039c0dfed3c3f93e963ca3d92791c9d478ac5b43183413136e0",
    "https://deno.land/std@0.210.0/path/_common/dirname.ts": "2ba7fb4cc9fafb0f38028f434179579ce61d4d9e51296fad22b701c3d3cd7397",
    "https://deno.land/std@0.210.0/path/_common/format.ts": "11aa62e316dfbf22c126917f5e03ea5fe2ee707386555a8f513d27ad5756cf96",
    "https://deno.land/std@0.210.0/path/_common/from_file_url.ts": "ef1bf3197d2efbf0297a2bdbf3a61d804b18f2bcce45548ae112313ec5be3c22",
    "https://deno.land/std@0.210.0/path/_common/glob_to_reg_exp.ts": "50386887d6041f15741d0013a703ee63ef673983d465d3a0c9c190e95f8da4fe",
    "https://deno.land/std@0.210.0/path/_common/normalize.ts": "2ba7fb4cc9fafb0f38028f434179579ce61d4d9e51296fad22b701c3d3cd7397",
    "https://deno.land/std@0.210.0/path/_common/normalize_string.ts": "88c472f28ae49525f9fe82de8c8816d93442d46a30d6bb5063b07ff8a89ff589",
    "https://deno.land/std@0.210.0/path/_common/relative.ts": "1af19d787a2a84b8c534cc487424fe101f614982ae4851382c978ab2216186b4",
    "https://deno.land/std@0.210.0/path/_common/strip_trailing_separators.ts": "7ffc7c287e97bdeeee31b155828686967f222cd73f9e5780bfe7dfb1b58c6c65",
    "https://deno.land/std@0.210.0/path/_common/to_file_url.ts": "a8cdd1633bc9175b7eebd3613266d7c0b6ae0fb0cff24120b6092ac31662f9ae",
    "https://deno.land/std@0.210.0/path/_interface.ts": "6471159dfbbc357e03882c2266d21ef9afdb1e4aa771b0545e90db58a0ba314b",
    "https://deno.land/std@0.210.0/path/_os.ts": "30b0c2875f360c9296dbe6b7f2d528f0f9c741cecad2e97f803f5219e91b40a2",
    "https://deno.land/std@0.210.0/path/basename.ts": "04bb5ef3e86bba8a35603b8f3b69537112cdd19ce64b77f2522006da2977a5f3",
    "https://deno.land/std@0.210.0/path/common.ts": "f4d061c7d0b95a65c2a1a52439edec393e906b40f1caf4604c389fae7caa80f5",
    "https://deno.land/std@0.210.0/path/dirname.ts": "88a0a71c21debafc4da7a4cd44fd32e899462df458fbca152390887d41c40361",
    "https://deno.land/std@0.210.0/path/extname.ts": "8c6d6112bce335b4d3d5a07cb0451816d0c2094c147049874fca2db5f707044b",
    "https://deno.land/std@0.210.0/path/format.ts": "3457530cc85d1b4bab175f9ae73998b34fd456c830d01883169af0681b8894fb",
    "https://deno.land/std@0.210.0/path/from_file_url.ts": "e7fa233ea1dff9641e8d566153a24d95010110185a6f418dd2e32320926043f8",
    "https://deno.land/std@0.210.0/path/glob.ts": "a00a81a55c02bbe074ab21a50b6495c6f7795f54cd718c824adaa92c6c9b7419",
    "https://deno.land/std@0.210.0/path/glob_to_regexp.ts": "74d7448c471e293d03f05ccb968df4365fed6aaa508506b6325a8efdc01d8271",
    "https://deno.land/std@0.210.0/path/is_absolute.ts": "67232b41b860571c5b7537f4954c88d86ae2ba45e883ee37d3dec27b74909d13",
    "https://deno.land/std@0.210.0/path/is_glob.ts": "567dce5c6656bdedfc6b3ee6c0833e1e4db2b8dff6e62148e94a917f289c06ad",
    "https://deno.land/std@0.210.0/path/join.ts": "3ee91038e3eaa966897eddda43d5207d7cae5c2de8a658bdbd722e8f8f29206a",
    "https://deno.land/std@0.210.0/path/join_globs.ts": "9b84d5103b63d3dbed4b2cf8b12477b2ad415c7d343f1488505162dc0e5f4db8",
    "https://deno.land/std@0.210.0/path/mod.ts": "eff1d7b0617293bd90254d379a7266887dc6fbf5a00e0f450eeb854959379294",
    "https://deno.land/std@0.210.0/path/normalize.ts": "aa95be9a92c7bd4f9dc0ba51e942a1973e2b93d266cd74f5ca751c136d520b66",
    "https://deno.land/std@0.210.0/path/normalize_glob.ts": "674baa82e1c00b6cb153bbca36e06f8e0337cb8062db6d905ab5de16076ca46b",
    "https://deno.land/std@0.210.0/path/parse.ts": "d87ff0deef3fb495bc0d862278ff96da5a06acf0625ca27769fc52ac0d3d6ece",
    "https://deno.land/std@0.210.0/path/posix/_util.ts": "ecf49560fedd7dd376c6156cc5565cad97c1abe9824f4417adebc7acc36c93e5",
    "https://deno.land/std@0.210.0/path/posix/basename.ts": "a630aeb8fd8e27356b1823b9dedd505e30085015407caa3396332752f6b8406a",
    "https://deno.land/std@0.210.0/path/posix/common.ts": "e781d395dc76f6282e3f7dd8de13194abb8b04a82d109593141abc6e95755c8b",
    "https://deno.land/std@0.210.0/path/posix/dirname.ts": "f48c9c42cc670803b505478b7ef162c7cfa9d8e751b59d278b2ec59470531472",
    "https://deno.land/std@0.210.0/path/posix/extname.ts": "ee7f6571a9c0a37f9218fbf510c440d1685a7c13082c348d701396cc795e0be0",
    "https://deno.land/std@0.210.0/path/posix/format.ts": "b94876f77e61bfe1f147d5ccb46a920636cd3cef8be43df330f0052b03875968",
    "https://deno.land/std@0.210.0/path/posix/from_file_url.ts": "b97287a83e6407ac27bdf3ab621db3fccbf1c27df0a1b1f20e1e1b5acf38a379",
    "https://deno.land/std@0.210.0/path/posix/glob_to_regexp.ts": "6ed00c71fbfe0ccc35977c35444f94e82200b721905a60bd1278b1b768d68b1a",
    "https://deno.land/std@0.210.0/path/posix/is_absolute.ts": "159900a3422d11069d48395568217eb7fc105ceda2683d03d9b7c0f0769e01b8",
    "https://deno.land/std@0.210.0/path/posix/is_glob.ts": "ec4fbc604b9db8487f7b56ab0e759b24a971ab6a45f7b0b698bc39b8b9f9680f",
    "https://deno.land/std@0.210.0/path/posix/join.ts": "0c0d84bdc344876930126640011ec1b888e6facf74153ffad9ef26813aa2a076",
    "https://deno.land/std@0.210.0/path/posix/join_globs.ts": "f4838d54b1f60a34a40625a3293f6e583135348be1b2974341ac04743cb26121",
    "https://deno.land/std@0.210.0/path/posix/mod.ts": "f1b08a7f64294b7de87fc37190d63b6ce5b02889af9290c9703afe01951360ae",
    "https://deno.land/std@0.210.0/path/posix/normalize.ts": "11de90a94ab7148cc46e5a288f7d732aade1d616bc8c862f5560fa18ff987b4b",
    "https://deno.land/std@0.210.0/path/posix/normalize_glob.ts": "10a1840c628ebbab679254d5fa1c20e59106102354fb648a1765aed72eb9f3f9",
    "https://deno.land/std@0.210.0/path/posix/parse.ts": "199208f373dd93a792e9c585352bfc73a6293411bed6da6d3bc4f4ef90b04c8e",
    "https://deno.land/std@0.210.0/path/posix/relative.ts": "e2f230608b0f083e6deaa06e063943e5accb3320c28aef8d87528fbb7fe6504c",
    "https://deno.land/std@0.210.0/path/posix/resolve.ts": "51579d83159d5c719518c9ae50812a63959bbcb7561d79acbdb2c3682236e285",
    "https://deno.land/std@0.210.0/path/posix/separator.ts": "0b6573b5f3269a3164d8edc9cefc33a02dd51003731c561008c8bb60220ebac1",
    "https://deno.land/std@0.210.0/path/posix/to_file_url.ts": "ac5499aa0c6e2c266019cba7d1f7e5a92b8e04983cd72be97f81adad185619a6",
    "https://deno.land/std@0.210.0/path/posix/to_namespaced_path.ts": "c9228a0e74fd37e76622cd7b142b8416663a9b87db643302fa0926b5a5c83bdc",
    "https://deno.land/std@0.210.0/path/relative.ts": "23d45ede8b7ac464a8299663a43488aad6b561414e7cbbe4790775590db6349c",
    "https://deno.land/std@0.210.0/path/resolve.ts": "5b184efc87155a0af9fa305ff68a109e28de9aee81fc3e77cd01380f19daf867",
    "https://deno.land/std@0.210.0/path/separator.ts": "1a21ffd408bfaa317bffff604e5a799f78a7a5571590bde6b9cdce7685953d74",
    "https://deno.land/std@0.210.0/path/to_file_url.ts": "edaafa089e0bce386e1b2d47afe7c72e379ff93b28a5829a5885e4b6c626d864",
    "https://deno.land/std@0.210.0/path/to_namespaced_path.ts": "cf8734848aac3c7527d1689d2adf82132b1618eff3cc523a775068847416b22a",
    "https://deno.land/std@0.210.0/path/windows/_util.ts": "f32b9444554c8863b9b4814025c700492a2b57ff2369d015360970a1b1099d54",
    "https://deno.land/std@0.210.0/path/windows/basename.ts": "8a9dbf7353d50afbc5b221af36c02a72c2d1b2b5b9f7c65bf6a5a2a0baf88ad3",
    "https://deno.land/std@0.210.0/path/windows/common.ts": "e781d395dc76f6282e3f7dd8de13194abb8b04a82d109593141abc6e95755c8b",
    "https://deno.land/std@0.210.0/path/windows/dirname.ts": "5c2aa541384bf0bd9aca821275d2a8690e8238fa846198ef5c7515ce31a01a94",
    "https://deno.land/std@0.210.0/path/windows/extname.ts": "07f4fa1b40d06a827446b3e3bcc8d619c5546b079b8ed0c77040bbef716c7614",
    "https://deno.land/std@0.210.0/path/windows/format.ts": "343019130d78f172a5c49fdc7e64686a7faf41553268961e7b6c92a6d6548edf",
    "https://deno.land/std@0.210.0/path/windows/from_file_url.ts": "d53335c12b0725893d768be3ac6bf0112cc5b639d2deb0171b35988493b46199",
    "https://deno.land/std@0.210.0/path/windows/glob_to_regexp.ts": "290755e18ec6c1a4f4d711c3390537358e8e3179581e66261a0cf348b1a13395",
    "https://deno.land/std@0.210.0/path/windows/is_absolute.ts": "245b56b5f355ede8664bd7f080c910a97e2169972d23075554ae14d73722c53c",
    "https://deno.land/std@0.210.0/path/windows/is_glob.ts": "ec4fbc604b9db8487f7b56ab0e759b24a971ab6a45f7b0b698bc39b8b9f9680f",
    "https://deno.land/std@0.210.0/path/windows/join.ts": "e6600bf88edeeef4e2276e155b8de1d5dec0435fd526ba2dc4d37986b2882f16",
    "https://deno.land/std@0.210.0/path/windows/join_globs.ts": "f4838d54b1f60a34a40625a3293f6e583135348be1b2974341ac04743cb26121",
    "https://deno.land/std@0.210.0/path/windows/mod.ts": "d7040f461465c2c21c1c68fc988ef0bdddd499912138cde3abf6ad60c7fb3814",
    "https://deno.land/std@0.210.0/path/windows/normalize.ts": "9deebbf40c81ef540b7b945d4ccd7a6a2c5a5992f791e6d3377043031e164e69",
    "https://deno.land/std@0.210.0/path/windows/normalize_glob.ts": "344ff5ed45430495b9a3d695567291e50e00b1b3b04ea56712a2acf07ab5c128",
    "https://deno.land/std@0.210.0/path/windows/parse.ts": "120faf778fe1f22056f33ded069b68e12447668fcfa19540c0129561428d3ae5",
    "https://deno.land/std@0.210.0/path/windows/relative.ts": "026855cd2c36c8f28f1df3c6fbd8f2449a2aa21f48797a74700c5d872b86d649",
    "https://deno.land/std@0.210.0/path/windows/resolve.ts": "5ff441ab18a2346abadf778121128ee71bda4d0898513d4639a6ca04edca366b",
    "https://deno.land/std@0.210.0/path/windows/separator.ts": "ae21f27015f10510ed1ac4a0ba9c4c9c967cbdd9d9e776a3e4967553c397bd5d",
    "https://deno.land/std@0.210.0/path/windows/to_file_url.ts": "8e9ea9e1ff364aa06fa72999204229952d0a279dbb876b7b838b2b2fea55cce3",
    "https://deno.land/std@0.210.0/path/windows/to_namespaced_path.ts": "e0f4d4a5e77f28a5708c1a33ff24360f35637ba6d8f103d19661255ef7bfd50d",
    "https://deno.land/x/hono@v3.11.12/adapter/deno/serve-static.ts": "ba10cf6aaf39da942b0d49c3b9877ddba69d41d414c6551d890beb1085f58eea",
    "https://deno.land/x/hono@v3.11.12/client/client.ts": "ff340f58041203879972dd368b011ed130c66914f789826610869a90603406bf",
    "https://deno.land/x/hono@v3.11.12/client/index.ts": "3ff4cf246f3543f827a85a2c84d66a025ac350ee927613629bda47e854bfb7ba",
    "https://deno.land/x/hono@v3.11.12/client/utils.ts": "053273c002963b549d38268a1b423ac8ca211a8028bdab1ed0b781a62aa5e661",
    "https://deno.land/x/hono@v3.11.12/compose.ts": "37d6e33b7db80e4c43a0629b12fd3a1e3406e7d9e62a4bfad4b30426ea7ae4f1",
    "https://deno.land/x/hono@v3.11.12/context.ts": "5cac561498e1f4af7a355673a047f07f47349056c5167ed9aec8a20cdcac8464",
    "https://deno.land/x/hono@v3.11.12/helper/cookie/index.ts": "a05ce7e3bafe1f8c7f45d04abf79822716011be75904fe1aad2e99126fd985b9",
    "https://deno.land/x/hono@v3.11.12/helper/html/index.ts": "701ed12b808e8c253247edc02c2c4b32261ae899e9c98f1427f7f6eaa8b7d1ce",
    "https://deno.land/x/hono@v3.11.12/hono-base.ts": "976dad584171a29765af1b0ad200766e8c3e1c35fbec7556dd4bc0b254df9ef4",
    "https://deno.land/x/hono@v3.11.12/hono.ts": "2cc4c292e541463a4d6f83edbcea58048d203e9564ae62ec430a3d466b49a865",
    "https://deno.land/x/hono@v3.11.12/http-exception.ts": "6071df078b5f76d279684d52fe82a590f447a64ffe1b75eb5064d0c8a8d2d676",
    "https://deno.land/x/hono@v3.11.12/jsx/components.ts": "f69d385d768f2b6656615a2991514b610bfe6ac87e042fa9723d2b92dd92a62b",
    "https://deno.land/x/hono@v3.11.12/jsx/index.ts": "4e447da487478dd6f7ceda92256cdeb3fb8ca42c336b22553c279a1927594941",
    "https://deno.land/x/hono@v3.11.12/jsx/streaming.ts": "37a6b23d1419e210e6063c7d315f984a993a4f42b39cbcd77323d1c0af75bc62",
    "https://deno.land/x/hono@v3.11.12/middleware.ts": "57b2047c4b9d775a052a9c44a3b805802c1d1cb477ab9c4bb6185d27382d1b96",
    "https://deno.land/x/hono@v3.11.12/middleware/basic-auth/index.ts": "5f88b1bc909d0db51fd72ec236db642271e3c597ac9ca2d8d191c0bb7d2ffdef",
    "https://deno.land/x/hono@v3.11.12/middleware/bearer-auth/index.ts": "1bfe631db1661cd342a2220614af5e21455ebea11b8c3ed5f6df7ef8d02b9a54",
    "https://deno.land/x/hono@v3.11.12/middleware/cache/index.ts": "0d3a742d0b1639e47f11da6ab66f755eb379a431b073391a94a9f551c5a2c430",
    "https://deno.land/x/hono@v3.11.12/middleware/compress/index.ts": "c053a4c9bb605f0320e014b513cfd44c6cbde6ed49373fd659fa02d697f9df17",
    "https://deno.land/x/hono@v3.11.12/middleware/cors/index.ts": "8ed6459d4d8990e5f398255aa139e3026f773abee8acd7e9dc1090fcf3f42e83",
    "https://deno.land/x/hono@v3.11.12/middleware/etag/index.ts": "3392aabea4d02dfec51455c5919bff9aad76538b9fde375dd542fbc3f389dd3a",
    "https://deno.land/x/hono@v3.11.12/middleware/jsx-renderer/index.ts": "8c12ac5b61608a4688e28794927990d1d07ca11de8b9e79bb85e33b1696d790c",
    "https://deno.land/x/hono@v3.11.12/middleware/jwt/index.ts": "2779850fc1e16a41da03ba93430a08439002fa8cc0e122ee6f444a98172bc891",
    "https://deno.land/x/hono@v3.11.12/middleware/logger/index.ts": "4baf9217b61f5e9e937c3e4e6cd87508c83603fcee77c33edba0a6ae2cc41ccd",
    "https://deno.land/x/hono@v3.11.12/middleware/powered-by/index.ts": "6faba0cf042278d60b317b690640bb0b58747690cf280fa09024424c5174e66d",
    "https://deno.land/x/hono@v3.11.12/middleware/pretty-json/index.ts": "2216ce4c9910be009fecac63367c3626b46137d4cf7cb9a82913e501104b4a88",
    "https://deno.land/x/hono@v3.11.12/middleware/secure-headers/index.ts": "05dfc8fbb94a565efbb55633090b81157e97f23393ff80a23e299ad7ac222e34",
    "https://deno.land/x/hono@v3.11.12/middleware/timing/index.ts": "241702aa10ab66cc832e8b556c57c236f3bf338a8817d802cb142eae0f852582",
    "https://deno.land/x/hono@v3.11.12/mod.ts": "90114a97be9111b348129ad0143e764a64921f60dd03b8f3da529db98a0d3a82",
    "https://deno.land/x/hono@v3.11.12/request.ts": "71a67261d14bba95e9a8b4782a1c1704d12d54a77390ce404741df15ab99a109",
    "https://deno.land/x/hono@v3.11.12/router.ts": "880316f561918fc197481755aac2165fdbe2f530b925c5357a9f98d6e2cc85c7",
    "https://deno.land/x/hono@v3.11.12/router/linear-router/index.ts": "8a2a7144c50b1f4a92d9ee99c2c396716af144c868e10608255f969695efccd0",
    "https://deno.land/x/hono@v3.11.12/router/linear-router/router.ts": "bc63e8b5bc1dabc815306d50bebd1bb5877ffa3936ba2ad7550d093c95ee6bd1",
    "https://deno.land/x/hono@v3.11.12/router/pattern-router/index.ts": "304a66c50e243872037ed41c7dd79ed0c89d815e17e172e7ad7cdc4bc07d3383",
    "https://deno.land/x/hono@v3.11.12/router/pattern-router/router.ts": "a9a5a2a182cce8c3ae82139892cc0502be7dd8f579f31e76d0302b19b338e548",
    "https://deno.land/x/hono@v3.11.12/router/reg-exp-router/index.ts": "52755829213941756159b7a963097bafde5cc4fc22b13b1c7c9184dc0512d1db",
    "https://deno.land/x/hono@v3.11.12/router/reg-exp-router/node.ts": "5b3fb80411db04c65df066e69fedb2c8c0844753c2633d703336de84d569252c",
    "https://deno.land/x/hono@v3.11.12/router/reg-exp-router/router.ts": "7f7af7ce45a4327f9ac7dbdee186f7ba9a24f2eff14c720e3f670be001e71780",
    "https://deno.land/x/hono@v3.11.12/router/reg-exp-router/trie.ts": "852ce7207e6701e47fa30889a0d2b8bfcd56d8862c97e7bc9831e0a64bd8835f",
    "https://deno.land/x/hono@v3.11.12/router/smart-router/index.ts": "74f9b4fe15ea535900f2b9b048581915f12fe94e531dd2b0032f5610e61c3bef",
    "https://deno.land/x/hono@v3.11.12/router/smart-router/router.ts": "f1848a2a1eefa316a11853ae12e749552747771fb8a11fe713ae04ea6461140b",
    "https://deno.land/x/hono@v3.11.12/router/trie-router/index.ts": "3eb75e7f71ba81801631b30de6b1f5cefb2c7239c03797e2b2cbab5085911b41",
    "https://deno.land/x/hono@v3.11.12/router/trie-router/node.ts": "1709750f3da7bf7fa3e8078caa1fc0bd5583b03c79f3a63f75480a2db25e62ad",
    "https://deno.land/x/hono@v3.11.12/router/trie-router/router.ts": "54ced78d35676302c8fcdda4204f7bdf5a7cc907fbf9967c75674b1e394f830d",
    "https://deno.land/x/hono@v3.11.12/utils/body.ts": "7a16a6656331a96bcae57642f8d5e3912bd361cbbcc2c0d2157ecc3f218f7a92",
    "https://deno.land/x/hono@v3.11.12/utils/buffer.ts": "9066a973e64498cb262c7e932f47eed525a51677b17f90893862b7279dc0773e",
    "https://deno.land/x/hono@v3.11.12/utils/cookie.ts": "19920ba6756944aae1ad8585c3ddeaa9df479733f59d05359db096f7361e5e4b",
    "https://deno.land/x/hono@v3.11.12/utils/crypto.ts": "bda0e141bbe46d3a4a20f8fbcb6380d473b617123d9fdfa93e4499410b537acc",
    "https://deno.land/x/hono@v3.11.12/utils/encode.ts": "3b7c7d736123b5073542b34321700d4dbf5ff129c138f434bb2144a4d425ee89",
    "https://deno.land/x/hono@v3.11.12/utils/filepath.ts": "18461b055a914d6da85077f453051b516281bb17cf64fa74bf5ef604dc9d2861",
    "https://deno.land/x/hono@v3.11.12/utils/html.ts": "b60def9561d2fbeb7254035632ea98b97ef852ec72baae2924fc126e96315696",
    "https://deno.land/x/hono@v3.11.12/utils/jwt/index.ts": "5e4b82a42eb3603351dfce726cd781ca41cb57437395409d227131aec348d2d5",
    "https://deno.land/x/hono@v3.11.12/utils/jwt/jwt.ts": "02ff7bbf1298ffcc7a40266842f8eac44b6c136453e32d4441e24d0cbfba3a95",
    "https://deno.land/x/hono@v3.11.12/utils/jwt/types.ts": "58ddf908f76ba18d9c62ddfc2d1e40cc2e306bf987409a6169287efa81ce2546",
    "https://deno.land/x/hono@v3.11.12/utils/mime.ts": "0105d2b5e8e91f07acc70f5d06b388313995d62af23c802fcfba251f5a744d95",
    "https://deno.land/x/hono@v3.11.12/utils/stream.ts": "1789dcc73c5b0ede28f83d7d34e47ae432c20e680907cb3275a9c9187f293983",
    "https://deno.land/x/hono@v3.11.12/utils/url.ts": "af0d600973ce11f9279da19a49e1264fe2f7a5658ccd97e30f7c3c2239dca052",
    "https://deno.land/x/hono@v3.11.12/validator/index.ts": "6c986e8b91dcf857ecc8164a506ae8eea8665792a4ff7215471df669c632ae7c",
    "https://deno.land/x/hono@v3.11.12/validator/validator.ts": "f6139f0b6eb2040bc9f7ed4148905d5affc898235952772b2d6585fdae8d4731",
    "https://deno.land/x/hono@v3.11.2/adapter/deno/serve-static.ts": "ba10cf6aaf39da942b0d49c3b9877ddba69d41d414c6551d890beb1085f58eea",
    "https://deno.land/x/hono@v3.11.2/client/client.ts": "ff340f58041203879972dd368b011ed130c66914f789826610869a90603406bf",
    "https://deno.land/x/hono@v3.11.2/client/index.ts": "3ff4cf246f3543f827a85a2c84d66a025ac350ee927613629bda47e854bfb7ba",
    "https://deno.land/x/hono@v3.11.2/client/utils.ts": "053273c002963b549d38268a1b423ac8ca211a8028bdab1ed0b781a62aa5e661",
    "https://deno.land/x/hono@v3.11.2/compose.ts": "37d6e33b7db80e4c43a0629b12fd3a1e3406e7d9e62a4bfad4b30426ea7ae4f1",
    "https://deno.land/x/hono@v3.11.2/context.ts": "df65ade068b1d4f16c350077db8d155b66a3949c5bf4face26e86b5265ddc853",
    "https://deno.land/x/hono@v3.11.2/helper/cookie/index.ts": "a05ce7e3bafe1f8c7f45d04abf79822716011be75904fe1aad2e99126fd985b9",
    "https://deno.land/x/hono@v3.11.2/helper/html/index.ts": "a4ac61c54cd432e708dd019aced59273e5e053933f4804b0b5758d9916468b3e",
    "https://deno.land/x/hono@v3.11.2/hono-base.ts": "778954e64e5addbc535dc657bf755158b126e1d65f35cdf91802c72643482163",
    "https://deno.land/x/hono@v3.11.2/hono.ts": "2cc4c292e541463a4d6f83edbcea58048d203e9564ae62ec430a3d466b49a865",
    "https://deno.land/x/hono@v3.11.2/http-exception.ts": "6071df078b5f76d279684d52fe82a590f447a64ffe1b75eb5064d0c8a8d2d676",
    "https://deno.land/x/hono@v3.11.2/jsx/components.ts": "f69d385d768f2b6656615a2991514b610bfe6ac87e042fa9723d2b92dd92a62b",
    "https://deno.land/x/hono@v3.11.2/jsx/index.ts": "4e447da487478dd6f7ceda92256cdeb3fb8ca42c336b22553c279a1927594941",
    "https://deno.land/x/hono@v3.11.2/jsx/streaming.ts": "37a6b23d1419e210e6063c7d315f984a993a4f42b39cbcd77323d1c0af75bc62",
    "https://deno.land/x/hono@v3.11.2/middleware.ts": "57b2047c4b9d775a052a9c44a3b805802c1d1cb477ab9c4bb6185d27382d1b96",
    "https://deno.land/x/hono@v3.11.2/middleware/basic-auth/index.ts": "5f88b1bc909d0db51fd72ec236db642271e3c597ac9ca2d8d191c0bb7d2ffdef",
    "https://deno.land/x/hono@v3.11.2/middleware/bearer-auth/index.ts": "1bfe631db1661cd342a2220614af5e21455ebea11b8c3ed5f6df7ef8d02b9a54",
    "https://deno.land/x/hono@v3.11.2/middleware/cache/index.ts": "0d3a742d0b1639e47f11da6ab66f755eb379a431b073391a94a9f551c5a2c430",
    "https://deno.land/x/hono@v3.11.2/middleware/compress/index.ts": "c053a4c9bb605f0320e014b513cfd44c6cbde6ed49373fd659fa02d697f9df17",
    "https://deno.land/x/hono@v3.11.2/middleware/cors/index.ts": "8ed6459d4d8990e5f398255aa139e3026f773abee8acd7e9dc1090fcf3f42e83",
    "https://deno.land/x/hono@v3.11.2/middleware/etag/index.ts": "3392aabea4d02dfec51455c5919bff9aad76538b9fde375dd542fbc3f389dd3a",
    "https://deno.land/x/hono@v3.11.2/middleware/jsx-renderer/index.ts": "8c12ac5b61608a4688e28794927990d1d07ca11de8b9e79bb85e33b1696d790c",
    "https://deno.land/x/hono@v3.11.2/middleware/jwt/index.ts": "2779850fc1e16a41da03ba93430a08439002fa8cc0e122ee6f444a98172bc891",
    "https://deno.land/x/hono@v3.11.2/middleware/logger/index.ts": "4baf9217b61f5e9e937c3e4e6cd87508c83603fcee77c33edba0a6ae2cc41ccd",
    "https://deno.land/x/hono@v3.11.2/middleware/powered-by/index.ts": "6faba0cf042278d60b317b690640bb0b58747690cf280fa09024424c5174e66d",
    "https://deno.land/x/hono@v3.11.2/middleware/pretty-json/index.ts": "2216ce4c9910be009fecac63367c3626b46137d4cf7cb9a82913e501104b4a88",
    "https://deno.land/x/hono@v3.11.2/middleware/secure-headers/index.ts": "05dfc8fbb94a565efbb55633090b81157e97f23393ff80a23e299ad7ac222e34",
    "https://deno.land/x/hono@v3.11.2/middleware/timing/index.ts": "241702aa10ab66cc832e8b556c57c236f3bf338a8817d802cb142eae0f852582",
    "https://deno.land/x/hono@v3.11.2/mod.ts": "90114a97be9111b348129ad0143e764a64921f60dd03b8f3da529db98a0d3a82",
    "https://deno.land/x/hono@v3.11.2/request.ts": "71a67261d14bba95e9a8b4782a1c1704d12d54a77390ce404741df15ab99a109",
    "https://deno.land/x/hono@v3.11.2/router.ts": "880316f561918fc197481755aac2165fdbe2f530b925c5357a9f98d6e2cc85c7",
    "https://deno.land/x/hono@v3.11.2/router/linear-router/index.ts": "8a2a7144c50b1f4a92d9ee99c2c396716af144c868e10608255f969695efccd0",
    "https://deno.land/x/hono@v3.11.2/router/linear-router/router.ts": "bc63e8b5bc1dabc815306d50bebd1bb5877ffa3936ba2ad7550d093c95ee6bd1",
    "https://deno.land/x/hono@v3.11.2/router/pattern-router/index.ts": "304a66c50e243872037ed41c7dd79ed0c89d815e17e172e7ad7cdc4bc07d3383",
    "https://deno.land/x/hono@v3.11.2/router/pattern-router/router.ts": "a9a5a2a182cce8c3ae82139892cc0502be7dd8f579f31e76d0302b19b338e548",
    "https://deno.land/x/hono@v3.11.2/router/reg-exp-router/index.ts": "52755829213941756159b7a963097bafde5cc4fc22b13b1c7c9184dc0512d1db",
    "https://deno.land/x/hono@v3.11.2/router/reg-exp-router/node.ts": "5b3fb80411db04c65df066e69fedb2c8c0844753c2633d703336de84d569252c",
    "https://deno.land/x/hono@v3.11.2/router/reg-exp-router/router.ts": "7f7af7ce45a4327f9ac7dbdee186f7ba9a24f2eff14c720e3f670be001e71780",
    "https://deno.land/x/hono@v3.11.2/router/reg-exp-router/trie.ts": "852ce7207e6701e47fa30889a0d2b8bfcd56d8862c97e7bc9831e0a64bd8835f",
    "https://deno.land/x/hono@v3.11.2/router/smart-router/index.ts": "74f9b4fe15ea535900f2b9b048581915f12fe94e531dd2b0032f5610e61c3bef",
    "https://deno.land/x/hono@v3.11.2/router/smart-router/router.ts": "f1848a2a1eefa316a11853ae12e749552747771fb8a11fe713ae04ea6461140b",
    "https://deno.land/x/hono@v3.11.2/router/trie-router/index.ts": "3eb75e7f71ba81801631b30de6b1f5cefb2c7239c03797e2b2cbab5085911b41",
    "https://deno.land/x/hono@v3.11.2/router/trie-router/node.ts": "3af15fa9c9994a8664a2b7a7c11233504b5bb9d4fcf7bb34cf30d7199052c39f",
    "https://deno.land/x/hono@v3.11.2/router/trie-router/router.ts": "54ced78d35676302c8fcdda4204f7bdf5a7cc907fbf9967c75674b1e394f830d",
    "https://deno.land/x/hono@v3.11.2/utils/body.ts": "7a16a6656331a96bcae57642f8d5e3912bd361cbbcc2c0d2157ecc3f218f7a92",
    "https://deno.land/x/hono@v3.11.2/utils/buffer.ts": "9066a973e64498cb262c7e932f47eed525a51677b17f90893862b7279dc0773e",
    "https://deno.land/x/hono@v3.11.2/utils/cookie.ts": "19920ba6756944aae1ad8585c3ddeaa9df479733f59d05359db096f7361e5e4b",
    "https://deno.land/x/hono@v3.11.2/utils/crypto.ts": "bda0e141bbe46d3a4a20f8fbcb6380d473b617123d9fdfa93e4499410b537acc",
    "https://deno.land/x/hono@v3.11.2/utils/encode.ts": "3b7c7d736123b5073542b34321700d4dbf5ff129c138f434bb2144a4d425ee89",
    "https://deno.land/x/hono@v3.11.2/utils/filepath.ts": "18461b055a914d6da85077f453051b516281bb17cf64fa74bf5ef604dc9d2861",
    "https://deno.land/x/hono@v3.11.2/utils/html.ts": "4d2f3975238819fa756e0e51cb7090702136b1e3c54c5049694e26c62d2fcd84",
    "https://deno.land/x/hono@v3.11.2/utils/jwt/index.ts": "5e4b82a42eb3603351dfce726cd781ca41cb57437395409d227131aec348d2d5",
    "https://deno.land/x/hono@v3.11.2/utils/jwt/jwt.ts": "02ff7bbf1298ffcc7a40266842f8eac44b6c136453e32d4441e24d0cbfba3a95",
    "https://deno.land/x/hono@v3.11.2/utils/jwt/types.ts": "58ddf908f76ba18d9c62ddfc2d1e40cc2e306bf987409a6169287efa81ce2546",
    "https://deno.land/x/hono@v3.11.2/utils/mime.ts": "0105d2b5e8e91f07acc70f5d06b388313995d62af23c802fcfba251f5a744d95",
    "https://deno.land/x/hono@v3.11.2/utils/stream.ts": "1789dcc73c5b0ede28f83d7d34e47ae432c20e680907cb3275a9c9187f293983",
    "https://deno.land/x/hono@v3.11.2/utils/url.ts": "5fc3307ef3cb2e6f34ec2a03e3d7f2126c6a9f5f0eab677222df3f0e40bd7567",
    "https://deno.land/x/hono@v3.11.2/validator/index.ts": "6c986e8b91dcf857ecc8164a506ae8eea8665792a4ff7215471df669c632ae7c",
    "https://deno.land/x/hono@v3.11.2/validator/validator.ts": "f6139f0b6eb2040bc9f7ed4148905d5affc898235952772b2d6585fdae8d4731",
    "https://esm.sh/hono@3.11.12": "c54a592d16e1c6d542e8c7a4ef063abed1f3511bfe271130dedb47f171731878",
    "https://esm.sh/hono@3.11.2": "56115b8dfc48793ecffee6cc0aec5b5a75a16c9536ea645bf4baa183f12485e6",
    "https://esm.sh/hono@3.11.2/html": "8bb1a78f2b5cc90557d9e968e3c56086a6a65629b731341efb8c4fb3826193d6",
    "https://esm.sh/hono@3.11.2/jsx/jsx-runtime": "2c4edafa747c0d285ce0da671b68a7d8aa29149872fbb006eb55da70c33b1432",
    "https://esm.sh/v135/hono@3.11.12/denonext/hono-base.js": "d71d311cb8652b1a9ceb8e96fec265c541920cf771cd3483a959c10bbe1e6ee8",
    "https://esm.sh/v135/hono@3.11.12/denonext/hono.mjs": "b8292254f52de09565da195ef94b0500f438d13eebd79d13f74042db58107483",
    "https://esm.sh/v135/hono@3.11.12/denonext/html.js": "e685eba47c83e629f13660463aa9b833b3811e1d6bbf96441e7d48f587c66d8a",
    "https://esm.sh/v135/hono@3.11.12/denonext/http-exception.js": "454897578eeb5589a9f0c3ad36cc1bc0996a44c65b815a466c334507a7ea2a8b",
    "https://esm.sh/v135/hono@3.11.12/denonext/router/reg-exp-router.js": "f1df5cf95dd82083febd0c371efa4488d36ca2d1c045eec30dd0eaf8d495938e",
    "https://esm.sh/v135/hono@3.11.12/denonext/router/smart-router.js": "4f17f5c71551be8aa93c67348b2b238b0154b64ab5036c60c95f117411c02140",
    "https://esm.sh/v135/hono@3.11.12/denonext/router/trie-router.js": "339692ccce01cc75451802f1c271e9e8cb50d8709fe6561d2310d1d29202925d",
    "https://esm.sh/v135/hono@3.11.12/denonext/utils/body.js": "655479d5e880ef08e0605e2165ee7305f43a9cdd722990d5cdeab0efed44760a",
    "https://esm.sh/v135/hono@3.11.12/denonext/utils/cookie.js": "3ce74485cd01db2f2f32aa39234945f86ca1cae78378432876b2f715f29bd5bd",
    "https://esm.sh/v135/hono@3.11.12/denonext/utils/html.js": "497ec48b11311dc07d247fb5f98f44f4ee7b360b4c453e0f83e13609f2a77cbf",
    "https://esm.sh/v135/hono@3.11.12/denonext/utils/stream.js": "667f8147529e0c6a746b579761102207f9e0346832c34d6e265ef38f1c97d757",
    "https://esm.sh/v135/hono@3.11.12/denonext/utils/url.js": "840b889ee60fa65eb876fb5c0e8175a1d2464dd1ebbff541e836a5ca43c0c1c8",
    "https://esm.sh/v135/hono@3.11.2/denonext/hono-base.js": "4e962a08b87d044c0bbe0637498ad8ae89967e9d8e0dbb00dce2fea71c87b4f7",
    "https://esm.sh/v135/hono@3.11.2/denonext/hono.mjs": "6f333d0581dc8afb03c074b3148b1713158953701a03bf03b65489f2c86d86fb",
    "https://esm.sh/v135/hono@3.11.2/denonext/html.js": "31c64a0681a418ba386092056e693d04986fc4973c1d4aa85cd63714509ef232",
    "https://esm.sh/v135/hono@3.11.2/denonext/http-exception.js": "267b6c4b03eeccf65c2dcff34a1d78b716144d912b6c4a79414998d26455b2e6",
    "https://esm.sh/v135/hono@3.11.2/denonext/jsx.js": "8824c11629941f945fd7e29cc7e73aecc75709cebbe6d195130c1f3d927e5841",
    "https://esm.sh/v135/hono@3.11.2/denonext/jsx/jsx-dev-runtime.js": "cbfd46a7b4e4f3e93a02676b49942bdd6dfa12c5d67c9714bcbc5f195bb1c1d9",
    "https://esm.sh/v135/hono@3.11.2/denonext/jsx/jsx-runtime.js": "f35fbd3eb4f8ee7a55472cfcd539fcf1f341653583723a4ff0deb07e5dcb38f0",
    "https://esm.sh/v135/hono@3.11.2/denonext/router/reg-exp-router.js": "6bda85ceab468bd37828e81de85b2e85b223baabb8d074d7cc59f1152fb5539d",
    "https://esm.sh/v135/hono@3.11.2/denonext/router/smart-router.js": "fa4590859e020038d10a266541ae8111ea4bfc844de7b133a1ba39e840473854",
    "https://esm.sh/v135/hono@3.11.2/denonext/router/trie-router.js": "98f88ee570747f1f29e7a61758b91ff677b57ed5a16258e056e28d321a442291",
    "https://esm.sh/v135/hono@3.11.2/denonext/utils/body.js": "1a673a1474e1ac034b012cce73b203d65b9de554b46a3b7eff6616d7f2082183",
    "https://esm.sh/v135/hono@3.11.2/denonext/utils/cookie.js": "ed0c736f230bb9748c118ddc69080dfadedd42517f36779b041b1cfcd15d62cb",
    "https://esm.sh/v135/hono@3.11.2/denonext/utils/html.js": "68d9395564b37e7df3ebb961bb42f2ab275a7e84aac8d5d19e0340f822b43976",
    "https://esm.sh/v135/hono@3.11.2/denonext/utils/stream.js": "4dfd4473c0878d2025909df704de68c92de09cdef0e71197f387ca0171207db3",
    "https://esm.sh/v135/hono@3.11.2/denonext/utils/url.js": "8eec0c188fbc63e09ebc84d1b145bcb11a7dc48b1ce3421a17b1e8468b259cbc",
    "https://raw.githubusercontent.com/honojs/hono/v3.11.2/src/client/utils.ts": "28c71dfedc375e5101afa8c0bcf477791fd3a74f67bf90831ce583dc7062c21c"
  }
}
